
Microsoft Visual Studio Solution File, Format Version 12.00
# Visual Studio 15
VisualStudioVersion = 15.0.27428.2037
MinimumVisualStudioVersion = 10.0.40219.1
Project("{FAE04EC0-301F-11D3-BF4B-00C04F79EFBC}") = "GUI", "QLHS\GUI.csproj", "{D0CB25A5-1387-4363-8568-3B8E7D9FA3C9}"
EndProject
Project("{FAE04EC0-301F-11D3-BF4B-00C04F79EFBC}") = "DTO", "..\DTO\DTO.csproj", "{10FFBF16-DEE5-4254-9066-390E7E30A9E9}"
EndProject
Project("{FAE04EC0-301F-11D3-BF4B-00C04F79EFBC}") = "DAL", "DAL\DAL.csproj", "{7017D455-F960-4053-B7F1-F070FABAEC50}"
EndProject
Project("{FAE04EC0-301F-11D3-BF4B-00C04F79EFBC}") = "BUL", "BUL\BUL.csproj", "{8D5F257A-9723-41D4-8E48-70568DD141E7}"
EndProject
Global
	GlobalSection(SolutionConfigurationPlatforms) = preSolution
		Debug|Any CPU = Debug|Any CPU
		Release|Any CPU = Release|Any CPU
	EndGlobalSection
	GlobalSection(ProjectConfigurationPlatforms) = postSolution
		{D0CB25A5-1387-4363-8568-3B8E7D9FA3C9}.Debug|Any CPU.ActiveCfg = Debug|Any CPU
		{D0CB25A5-1387-4363-8568-3B8E7D9FA3C9}.Debug|Any CPU.Build.0 = Debug|Any CPU
		{D0CB25A5-1387-4363-8568-3B8E7D9FA3C9}.Release|Any CPU.ActiveCfg = Release|Any CPU
		{D0CB25A5-1387-4363-8568-3B8E7D9FA3C9}.Release|Any CPU.Build.0 = Release|Any CPU
		{10FFBF16-DEE5-4254-9066-390E7E30A9E9}.Debug|Any CPU.ActiveCfg = Debug|Any CPU
		{10FFBF16-DEE5-4254-9066-390E7E30A9E9}.Debug|Any CPU.Build.0 = Debug|Any CPU
		{10FFBF16-DEE5-4254-9066-390E7E30A9E9}.Release|Any CPU.ActiveCfg = Release|Any CPU
		{10FFBF16-DEE5-4254-9066-390E7E30A9E9}.Release|Any CPU.Build.0 = Release|Any CPU
		{7017D455-F960-4053-B7F1-F070FABAEC50}.Debug|Any CPU.ActiveCfg = Debug|Any CPU
		{7017D455-F960-4053-B7F1-F070FABAEC50}.Debug|Any CPU.Build.0 = Debug|Any CPU
		{7017D455-F960-4053-B7F1-F070FABAEC50}.Release|Any CPU.ActiveCfg = Release|Any CPU
		{7017D455-F960-4053-B7F1-F070FABAEC50}.Release|Any CPU.Build.0 = Release|Any CPU
		{8D5F257A-9723-41D4-8E48-70568DD141E7}.Debug|Any CPU.ActiveCfg = Debug|Any CPU
		{8D5F257A-9723-41D4-8E48-70568DD141E7}.Debug|Any CPU.Build.0 = Debug|Any CPU
		{8D5F257A-9723-41D4-8E48-70568DD141E7}.Release|Any CPU.ActiveCfg = Release|Any CPU
		{8D5F257A-9723-41D4-8E48-70568DD141E7}.Release|Any CPU.Build.0 = Release|Any CPU
	EndGlobalSection
	GlobalSection(SolutionProperties) = preSolution
		HideSolutionNode = FALSE
	EndGlobalSection
	GlobalSection(ExtensibilityGlobals) = postSolution
		SolutionGuid = {34C3E660-A081-4E83-AA6D-E1F03AAC5935}
	EndGlobalSection
EndGlobal
